// !$*UTF8*$!
{
	archiveVersion = 1;
	classes = {
	};
	objectVersion = 46;
	objects = {

/* Begin PBXBuildFile section */
		23CD248A7054B30E0A90ADB4 /* Pods_ConcreteTest.framework in Frameworks */ = {isa = PBXBuildFile; fileRef = FD32B65F5AB8337466F641D2 /* Pods_ConcreteTest.framework */; };
		32821F41A9B40C3B3DA25C7F /* Pods_ConcreteTestTests.framework in Frameworks */ = {isa = PBXBuildFile; fileRef = BBB241C11F8A3543A76F3ADA /* Pods_ConcreteTestTests.framework */; };
		989F14888EA2B6C9F9B72315 /* Pods_ConcreteTestUITests.framework in Frameworks */ = {isa = PBXBuildFile; fileRef = 4D4F5852AAEF2E1FCB98A182 /* Pods_ConcreteTestUITests.framework */; };
		A04EAFC21D85F9B000379224 /* LaunchScreen.storyboard in Resources */ = {isa = PBXBuildFile; fileRef = A04EAFBC1D85F9B000379224 /* LaunchScreen.storyboard */; };
		A04EAFC31D85F9B000379224 /* Main.storyboard in Resources */ = {isa = PBXBuildFile; fileRef = A04EAFBD1D85F9B000379224 /* Main.storyboard */; };
		A04EAFC41D85F9B000379224 /* AppDelegate.swift in Sources */ = {isa = PBXBuildFile; fileRef = A04EAFC01D85F9B000379224 /* AppDelegate.swift */; };
		A04EAFC51D85F9B000379224 /* Assets.xcassets in Resources */ = {isa = PBXBuildFile; fileRef = A04EAFC11D85F9B000379224 /* Assets.xcassets */; };
		A04EAFC71D85FA4200379224 /* Request.swift in Sources */ = {isa = PBXBuildFile; fileRef = A04EAFC61D85FA4200379224 /* Request.swift */; };
		A04EAFC91D85FAD400379224 /* Reachability.swift in Sources */ = {isa = PBXBuildFile; fileRef = A04EAFC81D85FAD400379224 /* Reachability.swift */; };
		A04EAFCF1D86046300379224 /* RepositoriesViewController.swift in Sources */ = {isa = PBXBuildFile; fileRef = A04EAFCE1D86046300379224 /* RepositoriesViewController.swift */; };
		A04EAFD11D873A3B00379224 /* RepositoriesRepresentation.swift in Sources */ = {isa = PBXBuildFile; fileRef = A04EAFD01D873A3B00379224 /* RepositoriesRepresentation.swift */; };
		A04EAFD51D873AC400379224 /* Repositorires.swift in Sources */ = {isa = PBXBuildFile; fileRef = A04EAFD41D873AC400379224 /* Repositorires.swift */; };
		A04EAFD71D873CED00379224 /* RepositoriesViewModel.swift in Sources */ = {isa = PBXBuildFile; fileRef = A04EAFD61D873CED00379224 /* RepositoriesViewModel.swift */; };
		A04EAFD91D873EED00379224 /* Theme.swift in Sources */ = {isa = PBXBuildFile; fileRef = A04EAFD81D873EED00379224 /* Theme.swift */; };
		A04EAFDC1D87401E00379224 /* RepoCell.swift in Sources */ = {isa = PBXBuildFile; fileRef = A04EAFDB1D87401E00379224 /* RepoCell.swift */; };
		A04EAFDE1D87403C00379224 /* RepoCellProtocol.swift in Sources */ = {isa = PBXBuildFile; fileRef = A04EAFDD1D87403C00379224 /* RepoCellProtocol.swift */; };
		A04EAFE01D87405B00379224 /* RepoCellModelView.swift in Sources */ = {isa = PBXBuildFile; fileRef = A04EAFDF1D87405B00379224 /* RepoCellModelView.swift */; };
		A0F68D311D85F35D00F675BA /* ConcreteTestTests.swift in Sources */ = {isa = PBXBuildFile; fileRef = A0F68D301D85F35D00F675BA /* ConcreteTestTests.swift */; };
		A0F68D3C1D85F35D00F675BA /* ConcreteTestUITests.swift in Sources */ = {isa = PBXBuildFile; fileRef = A0F68D3B1D85F35D00F675BA /* ConcreteTestUITests.swift */; };
/* End PBXBuildFile section */

/* Begin PBXContainerItemProxy section */
		A0F68D2D1D85F35D00F675BA /* PBXContainerItemProxy */ = {
			isa = PBXContainerItemProxy;
			containerPortal = A0F68D101D85F35D00F675BA /* Project object */;
			proxyType = 1;
			remoteGlobalIDString = A0F68D171D85F35D00F675BA;
			remoteInfo = ConcreteTest;
		};
		A0F68D381D85F35D00F675BA /* PBXContainerItemProxy */ = {
			isa = PBXContainerItemProxy;
			containerPortal = A0F68D101D85F35D00F675BA /* Project object */;
			proxyType = 1;
			remoteGlobalIDString = A0F68D171D85F35D00F675BA;
			remoteInfo = ConcreteTest;
		};
/* End PBXContainerItemProxy section */

/* Begin PBXFileReference section */
		0A3AAEED413DC09C8E655E32 /* Pods-ConcreteTestTests.debug.xcconfig */ = {isa = PBXFileReference; includeInIndex = 1; lastKnownFileType = text.xcconfig; name = "Pods-ConcreteTestTests.debug.xcconfig"; path = "Pods/Target Support Files/Pods-ConcreteTestTests/Pods-ConcreteTestTests.debug.xcconfig"; sourceTree = "<group>"; };
		4D4F5852AAEF2E1FCB98A182 /* Pods_ConcreteTestUITests.framework */ = {isa = PBXFileReference; explicitFileType = wrapper.framework; includeInIndex = 0; path = Pods_ConcreteTestUITests.framework; sourceTree = BUILT_PRODUCTS_DIR; };
		50A694CAF56B1F41CCFEE45F /* Pods-ConcreteTest.debug.xcconfig */ = {isa = PBXFileReference; includeInIndex = 1; lastKnownFileType = text.xcconfig; name = "Pods-ConcreteTest.debug.xcconfig"; path = "Pods/Target Support Files/Pods-ConcreteTest/Pods-ConcreteTest.debug.xcconfig"; sourceTree = "<group>"; };
		9DD8444F959CAD4800C3A474 /* Pods-ConcreteTestUITests.debug.xcconfig */ = {isa = PBXFileReference; includeInIndex = 1; lastKnownFileType = text.xcconfig; name = "Pods-ConcreteTestUITests.debug.xcconfig"; path = "Pods/Target Support Files/Pods-ConcreteTestUITests/Pods-ConcreteTestUITests.debug.xcconfig"; sourceTree = "<group>"; };
		A04EAFBC1D85F9B000379224 /* LaunchScreen.storyboard */ = {isa = PBXFileReference; fileEncoding = 4; lastKnownFileType = file.storyboard; path = LaunchScreen.storyboard; sourceTree = "<group>"; };
		A04EAFBD1D85F9B000379224 /* Main.storyboard */ = {isa = PBXFileReference; fileEncoding = 4; lastKnownFileType = file.storyboard; path = Main.storyboard; sourceTree = "<group>"; };
		A04EAFC01D85F9B000379224 /* AppDelegate.swift */ = {isa = PBXFileReference; fileEncoding = 4; lastKnownFileType = sourcecode.swift; path = AppDelegate.swift; sourceTree = "<group>"; };
		A04EAFC11D85F9B000379224 /* Assets.xcassets */ = {isa = PBXFileReference; lastKnownFileType = folder.assetcatalog; path = Assets.xcassets; sourceTree = "<group>"; };
		A04EAFC61D85FA4200379224 /* Request.swift */ = {isa = PBXFileReference; fileEncoding = 4; lastKnownFileType = sourcecode.swift; path = Request.swift; sourceTree = "<group>"; };
		A04EAFC81D85FAD400379224 /* Reachability.swift */ = {isa = PBXFileReference; fileEncoding = 4; lastKnownFileType = sourcecode.swift; path = Reachability.swift; sourceTree = "<group>"; };
		A04EAFCE1D86046300379224 /* RepositoriesViewController.swift */ = {isa = PBXFileReference; fileEncoding = 4; lastKnownFileType = sourcecode.swift; path = RepositoriesViewController.swift; sourceTree = "<group>"; };
		A04EAFD01D873A3B00379224 /* RepositoriesRepresentation.swift */ = {isa = PBXFileReference; fileEncoding = 4; lastKnownFileType = sourcecode.swift; path = RepositoriesRepresentation.swift; sourceTree = "<group>"; };
		A04EAFD41D873AC400379224 /* Repositorires.swift */ = {isa = PBXFileReference; fileEncoding = 4; lastKnownFileType = sourcecode.swift; path = Repositorires.swift; sourceTree = "<group>"; };
		A04EAFD61D873CED00379224 /* RepositoriesViewModel.swift */ = {isa = PBXFileReference; fileEncoding = 4; lastKnownFileType = sourcecode.swift; path = RepositoriesViewModel.swift; sourceTree = "<group>"; };
		A04EAFD81D873EED00379224 /* Theme.swift */ = {isa = PBXFileReference; fileEncoding = 4; lastKnownFileType = sourcecode.swift; path = Theme.swift; sourceTree = "<group>"; };
		A04EAFDB1D87401E00379224 /* RepoCell.swift */ = {isa = PBXFileReference; fileEncoding = 4; lastKnownFileType = sourcecode.swift; path = RepoCell.swift; sourceTree = "<group>"; };
		A04EAFDD1D87403C00379224 /* RepoCellProtocol.swift */ = {isa = PBXFileReference; fileEncoding = 4; lastKnownFileType = sourcecode.swift; path = RepoCellProtocol.swift; sourceTree = "<group>"; };
		A04EAFDF1D87405B00379224 /* RepoCellModelView.swift */ = {isa = PBXFileReference; fileEncoding = 4; lastKnownFileType = sourcecode.swift; path = RepoCellModelView.swift; sourceTree = "<group>"; };
		A0F68D181D85F35D00F675BA /* ConcreteTest.app */ = {isa = PBXFileReference; explicitFileType = wrapper.application; includeInIndex = 0; path = ConcreteTest.app; sourceTree = BUILT_PRODUCTS_DIR; };
		A0F68D271D85F35D00F675BA /* Info.plist */ = {isa = PBXFileReference; lastKnownFileType = text.plist.xml; path = Info.plist; sourceTree = "<group>"; };
		A0F68D2C1D85F35D00F675BA /* ConcreteTestTests.xctest */ = {isa = PBXFileReference; explicitFileType = wrapper.cfbundle; includeInIndex = 0; path = ConcreteTestTests.xctest; sourceTree = BUILT_PRODUCTS_DIR; };
		A0F68D301D85F35D00F675BA /* ConcreteTestTests.swift */ = {isa = PBXFileReference; lastKnownFileType = sourcecode.swift; path = ConcreteTestTests.swift; sourceTree = "<group>"; };
		A0F68D321D85F35D00F675BA /* Info.plist */ = {isa = PBXFileReference; lastKnownFileType = text.plist.xml; path = Info.plist; sourceTree = "<group>"; };
		A0F68D371D85F35D00F675BA /* ConcreteTestUITests.xctest */ = {isa = PBXFileReference; explicitFileType = wrapper.cfbundle; includeInIndex = 0; path = ConcreteTestUITests.xctest; sourceTree = BUILT_PRODUCTS_DIR; };
		A0F68D3B1D85F35D00F675BA /* ConcreteTestUITests.swift */ = {isa = PBXFileReference; lastKnownFileType = sourcecode.swift; path = ConcreteTestUITests.swift; sourceTree = "<group>"; };
		A0F68D3D1D85F35D00F675BA /* Info.plist */ = {isa = PBXFileReference; lastKnownFileType = text.plist.xml; path = Info.plist; sourceTree = "<group>"; };
		AE1564F257D78747AB76A700 /* Pods-ConcreteTestTests.release.xcconfig */ = {isa = PBXFileReference; includeInIndex = 1; lastKnownFileType = text.xcconfig; name = "Pods-ConcreteTestTests.release.xcconfig"; path = "Pods/Target Support Files/Pods-ConcreteTestTests/Pods-ConcreteTestTests.release.xcconfig"; sourceTree = "<group>"; };
		BBB241C11F8A3543A76F3ADA /* Pods_ConcreteTestTests.framework */ = {isa = PBXFileReference; explicitFileType = wrapper.framework; includeInIndex = 0; path = Pods_ConcreteTestTests.framework; sourceTree = BUILT_PRODUCTS_DIR; };
		E32E7F4298B48CC09555AE98 /* Pods-ConcreteTestUITests.release.xcconfig */ = {isa = PBXFileReference; includeInIndex = 1; lastKnownFileType = text.xcconfig; name = "Pods-ConcreteTestUITests.release.xcconfig"; path = "Pods/Target Support Files/Pods-ConcreteTestUITests/Pods-ConcreteTestUITests.release.xcconfig"; sourceTree = "<group>"; };
		E70BE064FEB10B050F02789D /* Pods-ConcreteTest.release.xcconfig */ = {isa = PBXFileReference; includeInIndex = 1; lastKnownFileType = text.xcconfig; name = "Pods-ConcreteTest.release.xcconfig"; path = "Pods/Target Support Files/Pods-ConcreteTest/Pods-ConcreteTest.release.xcconfig"; sourceTree = "<group>"; };
		FD32B65F5AB8337466F641D2 /* Pods_ConcreteTest.framework */ = {isa = PBXFileReference; explicitFileType = wrapper.framework; includeInIndex = 0; path = Pods_ConcreteTest.framework; sourceTree = BUILT_PRODUCTS_DIR; };
/* End PBXFileReference section */

/* Begin PBXFrameworksBuildPhase section */
		A0F68D151D85F35D00F675BA /* Frameworks */ = {
			isa = PBXFrameworksBuildPhase;
			buildActionMask = 2147483647;
			files = (
				23CD248A7054B30E0A90ADB4 /* Pods_ConcreteTest.framework in Frameworks */,
			);
			runOnlyForDeploymentPostprocessing = 0;
		};
		A0F68D291D85F35D00F675BA /* Frameworks */ = {
			isa = PBXFrameworksBuildPhase;
			buildActionMask = 2147483647;
			files = (
				32821F41A9B40C3B3DA25C7F /* Pods_ConcreteTestTests.framework in Frameworks */,
			);
			runOnlyForDeploymentPostprocessing = 0;
		};
		A0F68D341D85F35D00F675BA /* Frameworks */ = {
			isa = PBXFrameworksBuildPhase;
			buildActionMask = 2147483647;
			files = (
				989F14888EA2B6C9F9B72315 /* Pods_ConcreteTestUITests.framework in Frameworks */,
			);
			runOnlyForDeploymentPostprocessing = 0;
		};
/* End PBXFrameworksBuildPhase section */

/* Begin PBXGroup section */
		16CB28A11C1713096B2638A0 /* Pods */ = {
			isa = PBXGroup;
			children = (
				50A694CAF56B1F41CCFEE45F /* Pods-ConcreteTest.debug.xcconfig */,
				E70BE064FEB10B050F02789D /* Pods-ConcreteTest.release.xcconfig */,
				0A3AAEED413DC09C8E655E32 /* Pods-ConcreteTestTests.debug.xcconfig */,
				AE1564F257D78747AB76A700 /* Pods-ConcreteTestTests.release.xcconfig */,
				9DD8444F959CAD4800C3A474 /* Pods-ConcreteTestUITests.debug.xcconfig */,
				E32E7F4298B48CC09555AE98 /* Pods-ConcreteTestUITests.release.xcconfig */,
			);
			name = Pods;
			sourceTree = "<group>";
		};
		71FB5253F7F84BA7D30B9E85 /* Frameworks */ = {
			isa = PBXGroup;
			children = (
				FD32B65F5AB8337466F641D2 /* Pods_ConcreteTest.framework */,
				BBB241C11F8A3543A76F3ADA /* Pods_ConcreteTestTests.framework */,
				4D4F5852AAEF2E1FCB98A182 /* Pods_ConcreteTestUITests.framework */,
			);
			name = Frameworks;
			sourceTree = "<group>";
		};
		A04EAFBA1D85F9B000379224 /* Base.lproj */ = {
			isa = PBXGroup;
			children = (
				A04EAFD21D873AA800379224 /* Model */,
				A04EAFBB1D85F9B000379224 /* Storyboard */,
				A04EAFCA1D86039200379224 /* PullsViewController */,
				A04EAFCB1D86039200379224 /* RepositoriesViewController */,
			);
			path = Base.lproj;
			sourceTree = "<group>";
		};
		A04EAFBB1D85F9B000379224 /* Storyboard */ = {
			isa = PBXGroup;
			children = (
				A04EAFBC1D85F9B000379224 /* LaunchScreen.storyboard */,
				A04EAFBD1D85F9B000379224 /* Main.storyboard */,
			);
			path = Storyboard;
			sourceTree = "<group>";
		};
		A04EAFBE1D85F9B000379224 /* Core */ = {
			isa = PBXGroup;
			children = (
				A04EAFC61D85FA4200379224 /* Request.swift */,
				A04EAFC81D85FAD400379224 /* Reachability.swift */,
			);
			path = Core;
			sourceTree = "<group>";
		};
		A04EAFBF1D85F9B000379224 /* Others */ = {
			isa = PBXGroup;
			children = (
				A04EAFD81D873EED00379224 /* Theme.swift */,
				A04EAFC01D85F9B000379224 /* AppDelegate.swift */,
				A04EAFC11D85F9B000379224 /* Assets.xcassets */,
			);
			path = Others;
			sourceTree = "<group>";
		};
		A04EAFCA1D86039200379224 /* PullsViewController */ = {
			isa = PBXGroup;
			children = (
			);
			path = PullsViewController;
			sourceTree = "<group>";
		};
		A04EAFCB1D86039200379224 /* RepositoriesViewController */ = {
			isa = PBXGroup;
			children = (
				A04EAFD01D873A3B00379224 /* RepositoriesRepresentation.swift */,
				A04EAFCE1D86046300379224 /* RepositoriesViewController.swift */,
				A04EAFD61D873CED00379224 /* RepositoriesViewModel.swift */,
				A04EAFDA1D87400A00379224 /* RepoCell */,
			);
			path = RepositoriesViewController;
			sourceTree = "<group>";
		};
		A04EAFD21D873AA800379224 /* Model */ = {
			isa = PBXGroup;
			children = (
				A04EAFD31D873AA800379224 /* Repositories */,
			);
			path = Model;
			sourceTree = "<group>";
		};
		A04EAFD31D873AA800379224 /* Repositories */ = {
			isa = PBXGroup;
			children = (
				A04EAFD41D873AC400379224 /* Repositorires.swift */,
			);
			path = Repositories;
			sourceTree = "<group>";
		};
		A04EAFDA1D87400A00379224 /* RepoCell */ = {
			isa = PBXGroup;
			children = (
				A04EAFDD1D87403C00379224 /* RepoCellProtocol.swift */,
				A04EAFDB1D87401E00379224 /* RepoCell.swift */,
				A04EAFDF1D87405B00379224 /* RepoCellModelView.swift */,
			);
			path = RepoCell;
			sourceTree = "<group>";
		};
		A0F68D0F1D85F35D00F675BA = {
			isa = PBXGroup;
			children = (
				A0F68D1A1D85F35D00F675BA /* ConcreteTest */,
				A0F68D2F1D85F35D00F675BA /* ConcreteTestTests */,
				A0F68D3A1D85F35D00F675BA /* ConcreteTestUITests */,
				A0F68D191D85F35D00F675BA /* Products */,
				16CB28A11C1713096B2638A0 /* Pods */,
				71FB5253F7F84BA7D30B9E85 /* Frameworks */,
			);
			sourceTree = "<group>";
		};
		A0F68D191D85F35D00F675BA /* Products */ = {
			isa = PBXGroup;
			children = (
				A0F68D181D85F35D00F675BA /* ConcreteTest.app */,
				A0F68D2C1D85F35D00F675BA /* ConcreteTestTests.xctest */,
				A0F68D371D85F35D00F675BA /* ConcreteTestUITests.xctest */,
			);
			name = Products;
			sourceTree = "<group>";
		};
		A0F68D1A1D85F35D00F675BA /* ConcreteTest */ = {
			isa = PBXGroup;
			children = (
				A04EAFBA1D85F9B000379224 /* Base.lproj */,
				A04EAFBE1D85F9B000379224 /* Core */,
				A04EAFBF1D85F9B000379224 /* Others */,
				A0F68D271D85F35D00F675BA /* Info.plist */,
			);
			path = ConcreteTest;
			sourceTree = "<group>";
		};
		A0F68D2F1D85F35D00F675BA /* ConcreteTestTests */ = {
			isa = PBXGroup;
			children = (
				A0F68D301D85F35D00F675BA /* ConcreteTestTests.swift */,
				A0F68D321D85F35D00F675BA /* Info.plist */,
			);
			path = ConcreteTestTests;
			sourceTree = "<group>";
		};
		A0F68D3A1D85F35D00F675BA /* ConcreteTestUITests */ = {
			isa = PBXGroup;
			children = (
				A0F68D3B1D85F35D00F675BA /* ConcreteTestUITests.swift */,
				A0F68D3D1D85F35D00F675BA /* Info.plist */,
			);
			path = ConcreteTestUITests;
			sourceTree = "<group>";
		};
/* End PBXGroup section */

/* Begin PBXNativeTarget section */
		A0F68D171D85F35D00F675BA /* ConcreteTest */ = {
			isa = PBXNativeTarget;
			buildConfigurationList = A0F68D401D85F35D00F675BA /* Build configuration list for PBXNativeTarget "ConcreteTest" */;
			buildPhases = (
				5D33F198005AE7C8D9C7B415 /* [CP] Check Pods Manifest.lock */,
				A0F68D141D85F35D00F675BA /* Sources */,
				A0F68D151D85F35D00F675BA /* Frameworks */,
				A0F68D161D85F35D00F675BA /* Resources */,
				1287B18A9E472E2E67DAE17A /* [CP] Embed Pods Frameworks */,
				3A5B31315CDCA3B5D4DB6CC0 /* [CP] Copy Pods Resources */,
			);
			buildRules = (
			);
			dependencies = (
			);
			name = ConcreteTest;
			productName = ConcreteTest;
			productReference = A0F68D181D85F35D00F675BA /* ConcreteTest.app */;
			productType = "com.apple.product-type.application";
		};
		A0F68D2B1D85F35D00F675BA /* ConcreteTestTests */ = {
			isa = PBXNativeTarget;
			buildConfigurationList = A0F68D431D85F35D00F675BA /* Build configuration list for PBXNativeTarget "ConcreteTestTests" */;
			buildPhases = (
				372A4D9EB67BDCB92BD31E1D /* [CP] Check Pods Manifest.lock */,
				A0F68D281D85F35D00F675BA /* Sources */,
				A0F68D291D85F35D00F675BA /* Frameworks */,
				A0F68D2A1D85F35D00F675BA /* Resources */,
				DB74C47A4B66E4F994A8AF0B /* [CP] Embed Pods Frameworks */,
				2180350462D191B3AFC70E42 /* [CP] Copy Pods Resources */,
			);
			buildRules = (
			);
			dependencies = (
				A0F68D2E1D85F35D00F675BA /* PBXTargetDependency */,
			);
			name = ConcreteTestTests;
			productName = ConcreteTestTests;
			productReference = A0F68D2C1D85F35D00F675BA /* ConcreteTestTests.xctest */;
			productType = "com.apple.product-type.bundle.unit-test";
		};
		A0F68D361D85F35D00F675BA /* ConcreteTestUITests */ = {
			isa = PBXNativeTarget;
			buildConfigurationList = A0F68D461D85F35D00F675BA /* Build configuration list for PBXNativeTarget "ConcreteTestUITests" */;
			buildPhases = (
				D7990EA7DD7B7A583150BC52 /* [CP] Check Pods Manifest.lock */,
				A0F68D331D85F35D00F675BA /* Sources */,
				A0F68D341D85F35D00F675BA /* Frameworks */,
				A0F68D351D85F35D00F675BA /* Resources */,
				E643FC84D8A4AFCEA48CF1CF /* [CP] Copy Pods Resources */,
			);
			buildRules = (
			);
			dependencies = (
				A0F68D391D85F35D00F675BA /* PBXTargetDependency */,
			);
			name = ConcreteTestUITests;
			productName = ConcreteTestUITests;
			productReference = A0F68D371D85F35D00F675BA /* ConcreteTestUITests.xctest */;
			productType = "com.apple.product-type.bundle.ui-testing";
		};
/* End PBXNativeTarget section */

/* Begin PBXProject section */
		A0F68D101D85F35D00F675BA /* Project object */ = {
			isa = PBXProject;
			attributes = {
				LastSwiftUpdateCheck = 0730;
				LastUpgradeCheck = 0730;
				ORGANIZATIONNAME = vm;
				TargetAttributes = {
					A0F68D171D85F35D00F675BA = {
						CreatedOnToolsVersion = 7.3.1;
					};
					A0F68D2B1D85F35D00F675BA = {
						CreatedOnToolsVersion = 7.3.1;
						TestTargetID = A0F68D171D85F35D00F675BA;
					};
					A0F68D361D85F35D00F675BA = {
						CreatedOnToolsVersion = 7.3.1;
						TestTargetID = A0F68D171D85F35D00F675BA;
					};
				};
			};
			buildConfigurationList = A0F68D131D85F35D00F675BA /* Build configuration list for PBXProject "ConcreteTest" */;
			compatibilityVersion = "Xcode 3.2";
			developmentRegion = English;
			hasScannedForEncodings = 0;
			knownRegions = (
				en,
				Base,
			);
			mainGroup = A0F68D0F1D85F35D00F675BA;
			productRefGroup = A0F68D191D85F35D00F675BA /* Products */;
			projectDirPath = "";
			projectRoot = "";
			targets = (
				A0F68D171D85F35D00F675BA /* ConcreteTest */,
				A0F68D2B1D85F35D00F675BA /* ConcreteTestTests */,
				A0F68D361D85F35D00F675BA /* ConcreteTestUITests */,
			);
		};
/* End PBXProject section */

/* Begin PBXResourcesBuildPhase section */
		A0F68D161D85F35D00F675BA /* Resources */ = {
			isa = PBXResourcesBuildPhase;
			buildActionMask = 2147483647;
			files = (
				A04EAFC21D85F9B000379224 /* LaunchScreen.storyboard in Resources */,
				A04EAFC51D85F9B000379224 /* Assets.xcassets in Resources */,
				A04EAFC31D85F9B000379224 /* Main.storyboard in Resources */,
			);
			runOnlyForDeploymentPostprocessing = 0;
		};
		A0F68D2A1D85F35D00F675BA /* Resources */ = {
			isa = PBXResourcesBuildPhase;
			buildActionMask = 2147483647;
			files = (
			);
			runOnlyForDeploymentPostprocessing = 0;
		};
		A0F68D351D85F35D00F675BA /* Resources */ = {
			isa = PBXResourcesBuildPhase;
			buildActionMask = 2147483647;
			files = (
			);
			runOnlyForDeploymentPostprocessing = 0;
		};
/* End PBXResourcesBuildPhase section */

/* Begin PBXShellScriptBuildPhase section */
		1287B18A9E472E2E67DAE17A /* [CP] Embed Pods Frameworks */ = {
			isa = PBXShellScriptBuildPhase;
			buildActionMask = 2147483647;
			files = (
			);
			inputPaths = (
			);
			name = "[CP] Embed Pods Frameworks";
			outputPaths = (
			);
			runOnlyForDeploymentPostprocessing = 0;
			shellPath = /bin/sh;
			shellScript = "\"${SRCROOT}/Pods/Target Support Files/Pods-ConcreteTest/Pods-ConcreteTest-frameworks.sh\"\n";
			showEnvVarsInLog = 0;
		};
		2180350462D191B3AFC70E42 /* [CP] Copy Pods Resources */ = {
			isa = PBXShellScriptBuildPhase;
			buildActionMask = 2147483647;
			files = (
			);
			inputPaths = (
			);
			name = "[CP] Copy Pods Resources";
			outputPaths = (
			);
			runOnlyForDeploymentPostprocessing = 0;
			shellPath = /bin/sh;
			shellScript = "\"${SRCROOT}/Pods/Target Support Files/Pods-ConcreteTestTests/Pods-ConcreteTestTests-resources.sh\"\n";
			showEnvVarsInLog = 0;
		};
		372A4D9EB67BDCB92BD31E1D /* [CP] Check Pods Manifest.lock */ = {
			isa = PBXShellScriptBuildPhase;
			buildActionMask = 2147483647;
			files = (
			);
			inputPaths = (
			);
			name = "[CP] Check Pods Manifest.lock";
			outputPaths = (
			);
			runOnlyForDeploymentPostprocessing = 0;
			shellPath = /bin/sh;
			shellScript = "diff \"${PODS_ROOT}/../Podfile.lock\" \"${PODS_ROOT}/Manifest.lock\" > /dev/null\nif [[ $? != 0 ]] ; then\n    cat << EOM\nerror: The sandbox is not in sync with the Podfile.lock. Run 'pod install' or update your CocoaPods installation.\nEOM\n    exit 1\nfi\n";
			showEnvVarsInLog = 0;
		};
		3A5B31315CDCA3B5D4DB6CC0 /* [CP] Copy Pods Resources */ = {
			isa = PBXShellScriptBuildPhase;
			buildActionMask = 2147483647;
			files = (
			);
			inputPaths = (
			);
			name = "[CP] Copy Pods Resources";
			outputPaths = (
			);
			runOnlyForDeploymentPostprocessing = 0;
			shellPath = /bin/sh;
			shellScript = "\"${SRCROOT}/Pods/Target Support Files/Pods-ConcreteTest/Pods-ConcreteTest-resources.sh\"\n";
			showEnvVarsInLog = 0;
		};
		5D33F198005AE7C8D9C7B415 /* [CP] Check Pods Manifest.lock */ = {
			isa = PBXShellScriptBuildPhase;
			buildActionMask = 2147483647;
			files = (
			);
			inputPaths = (
			);
			name = "[CP] Check Pods Manifest.lock";
			outputPaths = (
			);
			runOnlyForDeploymentPostprocessing = 0;
			shellPath = /bin/sh;
			shellScript = "diff \"${PODS_ROOT}/../Podfile.lock\" \"${PODS_ROOT}/Manifest.lock\" > /dev/null\nif [[ $? != 0 ]] ; then\n    cat << EOM\nerror: The sandbox is not in sync with the Podfile.lock. Run 'pod install' or update your CocoaPods installation.\nEOM\n    exit 1\nfi\n";
			showEnvVarsInLog = 0;
		};
		D7990EA7DD7B7A583150BC52 /* [CP] Check Pods Manifest.lock */ = {
			isa = PBXShellScriptBuildPhase;
			buildActionMask = 2147483647;
			files = (
			);
			inputPaths = (
			);
			name = "[CP] Check Pods Manifest.lock";
			outputPaths = (
			);
			runOnlyForDeploymentPostprocessing = 0;
			shellPath = /bin/sh;
			shellScript = "diff \"${PODS_ROOT}/../Podfile.lock\" \"${PODS_ROOT}/Manifest.lock\" > /dev/null\nif [[ $? != 0 ]] ; then\n    cat << EOM\nerror: The sandbox is not in sync with the Podfile.lock. Run 'pod install' or update your CocoaPods installation.\nEOM\n    exit 1\nfi\n";
			showEnvVarsInLog = 0;
		};
		DB74C47A4B66E4F994A8AF0B /* [CP] Embed Pods Frameworks */ = {
			isa = PBXShellScriptBuildPhase;
			buildActionMask = 2147483647;
			files = (
			);
			inputPaths = (
			);
			name = "[CP] Embed Pods Frameworks";
			outputPaths = (
			);
			runOnlyForDeploymentPostprocessing = 0;
			shellPath = /bin/sh;
			shellScript = "\"${SRCROOT}/Pods/Target Support Files/Pods-ConcreteTestTests/Pods-ConcreteTestTests-frameworks.sh\"\n";
			showEnvVarsInLog = 0;
		};
		E643FC84D8A4AFCEA48CF1CF /* [CP] Copy Pods Resources */ = {
			isa = PBXShellScriptBuildPhase;
			buildActionMask = 2147483647;
			files = (
			);
			inputPaths = (
			);
			name = "[CP] Copy Pods Resources";
			outputPaths = (
			);
			runOnlyForDeploymentPostprocessing = 0;
			shellPath = /bin/sh;
			shellScript = "\"${SRCROOT}/Pods/Target Support Files/Pods-ConcreteTestUITests/Pods-ConcreteTestUITests-resources.sh\"\n";
			showEnvVarsInLog = 0;
		};
/* End PBXShellScriptBuildPhase section */

/* Begin PBXSourcesBuildPhase section */
		A0F68D141D85F35D00F675BA /* Sources */ = {
			isa = PBXSourcesBuildPhase;
			buildActionMask = 2147483647;
			files = (
				A04EAFD11D873A3B00379224 /* RepositoriesRepresentation.swift in Sources */,
				A04EAFD91D873EED00379224 /* Theme.swift in Sources */,
				A04EAFCF1D86046300379224 /* RepositoriesViewController.swift in Sources */,
				A04EAFE01D87405B00379224 /* RepoCellModelView.swift in Sources */,
				A04EAFD51D873AC400379224 /* Repositorires.swift in Sources */,
				A04EAFD71D873CED00379224 /* RepositoriesViewModel.swift in Sources */,
				A04EAFDC1D87401E00379224 /* RepoCell.swift in Sources */,
				A04EAFC41D85F9B000379224 /* AppDelegate.swift in Sources */,
				A04EAFDE1D87403C00379224 /* RepoCellProtocol.swift in Sources */,
				A04EAFC71D85FA4200379224 /* Request.swift in Sources */,
				A04EAFC91D85FAD400379224 /* Reachability.swift in Sources */,
			);
			runOnlyForDeploymentPostprocessing = 0;
		};
		A0F68D281D85F35D00F675BA /* Sources */ = {
			isa = PBXSourcesBuildPhase;
			buildActionMask = 2147483647;
			files = (
				A0F68D311D85F35D00F675BA /* ConcreteTestTests.swift in Sources */,
			);
			runOnlyForDeploymentPostprocessing = 0;
		};
		A0F68D331D85F35D00F675BA /* Sources */ = {
			isa = PBXSourcesBuildPhase;
			buildActionMask = 2147483647;
			files = (
				A0F68D3C1D85F35D00F675BA /* ConcreteTestUITests.swift in Sources */,
			);
			runOnlyForDeploymentPostprocessing = 0;
		};
/* End PBXSourcesBuildPhase section */

/* Begin PBXTargetDependency section */
		A0F68D2E1D85F35D00F675BA /* PBXTargetDependency */ = {
			isa = PBXTargetDependency;
			target = A0F68D171D85F35D00F675BA /* ConcreteTest */;
			targetProxy = A0F68D2D1D85F35D00F675BA /* PBXContainerItemProxy */;
		};
		A0F68D391D85F35D00F675BA /* PBXTargetDependency */ = {
			isa = PBXTargetDependency;
			target = A0F68D171D85F35D00F675BA /* ConcreteTest */;
			targetProxy = A0F68D381D85F35D00F675BA /* PBXContainerItemProxy */;
		};
/* End PBXTargetDependency section */

/* Begin XCBuildConfiguration section */
		A0F68D3E1D85F35D00F675BA /* Debug */ = {
			isa = XCBuildConfiguration;
			buildSettings = {
				ALWAYS_SEARCH_USER_PATHS = NO;
				CLANG_ANALYZER_NONNULL = YES;
				CLANG_CXX_LANGUAGE_STANDARD = "gnu++0x";
				CLANG_CXX_LIBRARY = "libc++";
				CLANG_ENABLE_MODULES = YES;
				CLANG_ENABLE_OBJC_ARC = YES;
				CLANG_WARN_BOOL_CONVERSION = YES;
				CLANG_WARN_CONSTANT_CONVERSION = YES;
				CLANG_WARN_DIRECT_OBJC_ISA_USAGE = YES_ERROR;
				CLANG_WARN_EMPTY_BODY = YES;
				CLANG_WARN_ENUM_CONVERSION = YES;
				CLANG_WARN_INT_CONVERSION = YES;
				CLANG_WARN_OBJC_ROOT_CLASS = YES_ERROR;
				CLANG_WARN_UNREACHABLE_CODE = YES;
				CLANG_WARN__DUPLICATE_METHOD_MATCH = YES;
				"CODE_SIGN_IDENTITY[sdk=iphoneos*]" = "iPhone Developer";
				COPY_PHASE_STRIP = NO;
				DEBUG_INFORMATION_FORMAT = dwarf;
				ENABLE_STRICT_OBJC_MSGSEND = YES;
				ENABLE_TESTABILITY = YES;
				GCC_C_LANGUAGE_STANDARD = gnu99;
				GCC_DYNAMIC_NO_PIC = NO;
				GCC_NO_COMMON_BLOCKS = YES;
				GCC_OPTIMIZATION_LEVEL = 0;
				GCC_PREPROCESSOR_DEFINITIONS = (
					"DEBUG=1",
					"$(inherited)",
				);
				GCC_WARN_64_TO_32_BIT_CONVERSION = YES;
				GCC_WARN_ABOUT_RETURN_TYPE = YES_ERROR;
				GCC_WARN_UNDECLARED_SELECTOR = YES;
				GCC_WARN_UNINITIALIZED_AUTOS = YES_AGGRESSIVE;
				GCC_WARN_UNUSED_FUNCTION = YES;
				GCC_WARN_UNUSED_VARIABLE = YES;
				IPHONEOS_DEPLOYMENT_TARGET = 9.3;
				MTL_ENABLE_DEBUG_INFO = YES;
				ONLY_ACTIVE_ARCH = YES;
				SDKROOT = iphoneos;
				SWIFT_OPTIMIZATION_LEVEL = "-Onone";
				TARGETED_DEVICE_FAMILY = "1,2";
			};
			name = Debug;
		};
		A0F68D3F1D85F35D00F675BA /* Release */ = {
			isa = XCBuildConfiguration;
			buildSettings = {
				ALWAYS_SEARCH_USER_PATHS = NO;
				CLANG_ANALYZER_NONNULL = YES;
				CLANG_CXX_LANGUAGE_STANDARD = "gnu++0x";
				CLANG_CXX_LIBRARY = "libc++";
				CLANG_ENABLE_MODULES = YES;
				CLANG_ENABLE_OBJC_ARC = YES;
				CLANG_WARN_BOOL_CONVERSION = YES;
				CLANG_WARN_CONSTANT_CONVERSION = YES;
				CLANG_WARN_DIRECT_OBJC_ISA_USAGE = YES_ERROR;
				CLANG_WARN_EMPTY_BODY = YES;
				CLANG_WARN_ENUM_CONVERSION = YES;
				CLANG_WARN_INT_CONVERSION = YES;
				CLANG_WARN_OBJC_ROOT_CLASS = YES_ERROR;
				CLANG_WARN_UNREACHABLE_CODE = YES;
				CLANG_WARN__DUPLICATE_METHOD_MATCH = YES;
				"CODE_SIGN_IDENTITY[sdk=iphoneos*]" = "iPhone Developer";
				COPY_PHASE_STRIP = NO;
				DEBUG_INFORMATION_FORMAT = "dwarf-with-dsym";
				ENABLE_NS_ASSERTIONS = NO;
				ENABLE_STRICT_OBJC_MSGSEND = YES;
				GCC_C_LANGUAGE_STANDARD = gnu99;
				GCC_NO_COMMON_BLOCKS = YES;
				GCC_WARN_64_TO_32_BIT_CONVERSION = YES;
				GCC_WARN_ABOUT_RETURN_TYPE = YES_ERROR;
				GCC_WARN_UNDECLARED_SELECTOR = YES;
				GCC_WARN_UNINITIALIZED_AUTOS = YES_AGGRESSIVE;
				GCC_WARN_UNUSED_FUNCTION = YES;
				GCC_WARN_UNUSED_VARIABLE = YES;
				IPHONEOS_DEPLOYMENT_TARGET = 9.3;
				MTL_ENABLE_DEBUG_INFO = NO;
				SDKROOT = iphoneos;
				TARGETED_DEVICE_FAMILY = "1,2";
				VALIDATE_PRODUCT = YES;
			};
			name = Release;
		};
		A0F68D411D85F35D00F675BA /* Debug */ = {
			isa = XCBuildConfiguration;
			baseConfigurationReference = 50A694CAF56B1F41CCFEE45F /* Pods-ConcreteTest.debug.xcconfig */;
			buildSettings = {
				ASSETCATALOG_COMPILER_APPICON_NAME = AppIcon;
				INFOPLIST_FILE = ConcreteTest/Info.plist;
				IPHONEOS_DEPLOYMENT_TARGET = 8.4;
				LD_RUNPATH_SEARCH_PATHS = "$(inherited) @executable_path/Frameworks";
				PRODUCT_BUNDLE_IDENTIFIER = com.vm.ConcreteTest;
				PRODUCT_NAME = "$(TARGET_NAME)";
			};
			name = Debug;
		};
		A0F68D421D85F35D00F675BA /* Release */ = {
			isa = XCBuildConfiguration;
			baseConfigurationReference = E70BE064FEB10B050F02789D /* Pods-ConcreteTest.release.xcconfig */;
			buildSettings = {
				ASSETCATALOG_COMPILER_APPICON_NAME = AppIcon;
				INFOPLIST_FILE = ConcreteTest/Info.plist;
				IPHONEOS_DEPLOYMENT_TARGET = 8.4;
				LD_RUNPATH_SEARCH_PATHS = "$(inherited) @executable_path/Frameworks";
				PRODUCT_BUNDLE_IDENTIFIER = com.vm.ConcreteTest;
				PRODUCT_NAME = "$(TARGET_NAME)";
			};
			name = Release;
		};
		A0F68D441D85F35D00F675BA /* Debug */ = {
			isa = XCBuildConfiguration;
			baseConfigurationReference = 0A3AAEED413DC09C8E655E32 /* Pods-ConcreteTestTests.debug.xcconfig */;
			buildSettings = {
				BUNDLE_LOADER = "$(TEST_HOST)";
				INFOPLIST_FILE = ConcreteTestTests/Info.plist;
				LD_RUNPATH_SEARCH_PATHS = "$(inherited) @executable_path/Frameworks @loader_path/Frameworks";
				PRODUCT_BUNDLE_IDENTIFIER = com.vm.ConcreteTestTests;
				PRODUCT_NAME = "$(TARGET_NAME)";
				TEST_HOST = "$(BUILT_PRODUCTS_DIR)/ConcreteTest.app/ConcreteTest";
			};
			name = Debug;
		};
		A0F68D451D85F35D00F675BA /* Release */ = {
			isa = XCBuildConfiguration;
			baseConfigurationReference = AE1564F257D78747AB76A700 /* Pods-ConcreteTestTests.release.xcconfig */;
			buildSettings = {
				BUNDLE_LOADER = "$(TEST_HOST)";
				INFOPLIST_FILE = ConcreteTestTests/Info.plist;
				LD_RUNPATH_SEARCH_PATHS = "$(inherited) @executable_path/Frameworks @loader_path/Frameworks";
				PRODUCT_BUNDLE_IDENTIFIER = com.vm.ConcreteTestTests;
				PRODUCT_NAME = "$(TARGET_NAME)";
				TEST_HOST = "$(BUILT_PRODUCTS_DIR)/ConcreteTest.app/ConcreteTest";
			};
			name = Release;
		};
		A0F68D471D85F35D00F675BA /* Debug */ = {
			isa = XCBuildConfiguration;
			baseConfigurationReference = 9DD8444F959CAD4800C3A474 /* Pods-ConcreteTestUITests.debug.xcconfig */;
			buildSettings = {
				INFOPLIST_FILE = ConcreteTestUITests/Info.plist;
				LD_RUNPATH_SEARCH_PATHS = "$(inherited) @executable_path/Frameworks @loader_path/Frameworks";
				PRODUCT_BUNDLE_IDENTIFIER = com.vm.ConcreteTestUITests;
				PRODUCT_NAME = "$(TARGET_NAME)";
				TEST_TARGET_NAME = ConcreteTest;
			};
			name = Debug;
		};
		A0F68D481D85F35D00F675BA /* Release */ = {
			isa = XCBuildConfiguration;
			baseConfigurationReference = E32E7F4298B48CC09555AE98 /* Pods-ConcreteTestUITests.release.xcconfig */;
			buildSettings = {
				INFOPLIST_FILE = ConcreteTestUITests/Info.plist;
				LD_RUNPATH_SEARCH_PATHS = "$(inherited) @executable_path/Frameworks @loader_path/Frameworks";
				PRODUCT_BUNDLE_IDENTIFIER = com.vm.ConcreteTestUITests;
				PRODUCT_NAME = "$(TARGET_NAME)";
				TEST_TARGET_NAME = ConcreteTest;
			};
			name = Release;
		};
/* End XCBuildConfiguration section */

/* Begin XCConfigurationList section */
		A0F68D131D85F35D00F675BA /* Build configuration list for PBXProject "ConcreteTest" */ = {
			isa = XCConfigurationList;
			buildConfigurations = (
				A0F68D3E1D85F35D00F675BA /* Debug */,
				A0F68D3F1D85F35D00F675BA /* Release */,
			);
			defaultConfigurationIsVisible = 0;
			defaultConfigurationName = Release;
		};
		A0F68D401D85F35D00F675BA /* Build configuration list for PBXNativeTarget "ConcreteTest" */ = {
			isa = XCConfigurationList;
			buildConfigurations = (
				A0F68D411D85F35D00F675BA /* Debug */,
				A0F68D421D85F35D00F675BA /* Release */,
			);
			defaultConfigurationIsVisible = 0;
			defaultConfigurationName = Release;
		};
		A0F68D431D85F35D00F675BA /* Build configuration list for PBXNativeTarget "ConcreteTestTests" */ = {
			isa = XCConfigurationList;
			buildConfigurations = (
				A0F68D441D85F35D00F675BA /* Debug */,
				A0F68D451D85F35D00F675BA /* Release */,
			);
			defaultConfigurationIsVisible = 0;
			defaultConfigurationName = Release;
		};
		A0F68D461D85F35D00F675BA /* Build configuration list for PBXNativeTarget "ConcreteTestUITests" */ = {
			isa = XCConfigurationList;
			buildConfigurations = (
				A0F68D471D85F35D00F675BA /* Debug */,
				A0F68D481D85F35D00F675BA /* Release */,
			);
			defaultConfigurationIsVisible = 0;
			defaultConfigurationName = Release;
		};
/* End XCConfigurationList section */
	};
	rootObject = A0F68D101D85F35D00F675BA /* Project object */;
}
